// !$*UTF8*$!
{
	archiveVersion = 1;
	classes = {
	};
	objectVersion = 77;
	objects = {

/* Begin PBXBuildFile section */
		9E8923F32D56BD7500381F79 /* Lottie in Frameworks */ = {isa = PBXBuildFile; productRef = 9E8923F22D56BD7500381F79 /* Lottie */; };
		9E8929D22D5F6B9D00381F79 /* FirebaseCore in Frameworks */ = {isa = PBXBuildFile; productRef = 9E8929D12D5F6B9D00381F79 /* FirebaseCore */; };
		9E8929D42D5F6B9D00381F79 /* FirebaseDatabase in Frameworks */ = {isa = PBXBuildFile; productRef = 9E8929D32D5F6B9D00381F79 /* FirebaseDatabase */; };
		9E8929D62D5F6B9D00381F79 /* FirebaseVertexAI in Frameworks */ = {isa = PBXBuildFile; productRef = 9E8929D52D5F6B9D00381F79 /* FirebaseVertexAI */; };
		9E8929D82D5F6BBB00381F79 /* FirebaseAnalyticsOnDeviceConversion in Frameworks */ = {isa = PBXBuildFile; productRef = 9E8929D72D5F6BBB00381F79 /* FirebaseAnalyticsOnDeviceConversion */; };
		9E8929DA2D5F6BBB00381F79 /* FirebaseAnalyticsWithoutAdIdSupport in Frameworks */ = {isa = PBXBuildFile; productRef = 9E8929D92D5F6BBB00381F79 /* FirebaseAnalyticsWithoutAdIdSupport */; };
		9E892A2D2D60E44E00381F79 /* Cloudinary in Frameworks */ = {isa = PBXBuildFile; productRef = 9E892A2C2D60E44E00381F79 /* Cloudinary */; };
		9ED772F62D52759E00D2625E /* FirebaseAuth in Frameworks */ = {isa = PBXBuildFile; productRef = 9ED772F52D52759E00D2625E /* FirebaseAuth */; };
		9ED772F82D52759E00D2625E /* FirebaseFirestore in Frameworks */ = {isa = PBXBuildFile; productRef = 9ED772F72D52759E00D2625E /* FirebaseFirestore */; };
		9ED772FA2D52759E00D2625E /* FirebaseStorage in Frameworks */ = {isa = PBXBuildFile; productRef = 9ED772F92D52759E00D2625E /* FirebaseStorage */; };
		9ED772FC2D5275DE00D2625E /* FirebaseAnalytics in Frameworks */ = {isa = PBXBuildFile; productRef = 9ED772FB2D5275DE00D2625E /* FirebaseAnalytics */; };
/* End PBXBuildFile section */

/* Begin PBXContainerItemProxy section */
		9ED772D02D51967200D2625E /* PBXContainerItemProxy */ = {
			isa = PBXContainerItemProxy;
			containerPortal = 9ED772B72D51967100D2625E /* Project object */;
			proxyType = 1;
			remoteGlobalIDString = 9ED772BE2D51967100D2625E;
			remoteInfo = pastport;
		};
		9ED772DA2D51967200D2625E /* PBXContainerItemProxy */ = {
			isa = PBXContainerItemProxy;
			containerPortal = 9ED772B72D51967100D2625E /* Project object */;
			proxyType = 1;
			remoteGlobalIDString = 9ED772BE2D51967100D2625E;
			remoteInfo = pastport;
		};
/* End PBXContainerItemProxy section */

/* Begin PBXFileReference section */
		9ED772BF2D51967100D2625E /* pastport.app */ = {isa = PBXFileReference; explicitFileType = wrapper.application; includeInIndex = 0; path = pastport.app; sourceTree = BUILT_PRODUCTS_DIR; };
		9ED772CF2D51967200D2625E /* pastportTests.xctest */ = {isa = PBXFileReference; explicitFileType = wrapper.cfbundle; includeInIndex = 0; path = pastportTests.xctest; sourceTree = BUILT_PRODUCTS_DIR; };
		9ED772D92D51967200D2625E /* pastportUITests.xctest */ = {isa = PBXFileReference; explicitFileType = wrapper.cfbundle; includeInIndex = 0; path = pastportUITests.xctest; sourceTree = BUILT_PRODUCTS_DIR; };
/* End PBXFileReference section */

/* Begin PBXFileSystemSynchronizedBuildFileExceptionSet section */
		9ED772ED2D5261DD00D2625E /* Exceptions for "pastport" folder in "pastport" target */ = {
			isa = PBXFileSystemSynchronizedBuildFileExceptionSet;
			membershipExceptions = (
				Info.plist,
			);
			target = 9ED772BE2D51967100D2625E /* pastport */;
		};
		9ED773012D52782200D2625E /* Exceptions for "pastport" folder in "pastportTests" target */ = {
			isa = PBXFileSystemSynchronizedBuildFileExceptionSet;
			membershipExceptions = (
				"GoogleService-Info.plist",
			);
			target = 9ED772CE2D51967200D2625E /* pastportTests */;
		};
		9ED773022D52782200D2625E /* Exceptions for "pastport" folder in "pastportUITests" target */ = {
			isa = PBXFileSystemSynchronizedBuildFileExceptionSet;
			membershipExceptions = (
				"GoogleService-Info.plist",
			);
			target = 9ED772D82D51967200D2625E /* pastportUITests */;
		};
/* End PBXFileSystemSynchronizedBuildFileExceptionSet section */

/* Begin PBXFileSystemSynchronizedRootGroup section */
		9ED772C12D51967100D2625E /* pastport */ = {
			isa = PBXFileSystemSynchronizedRootGroup;
			exceptions = (
				9ED772ED2D5261DD00D2625E /* Exceptions for "pastport" folder in "pastport" target */,
				9ED773012D52782200D2625E /* Exceptions for "pastport" folder in "pastportTests" target */,
				9ED773022D52782200D2625E /* Exceptions for "pastport" folder in "pastportUITests" target */,
			);
			path = pastport;
			sourceTree = "<group>";
		};
		9ED772D22D51967200D2625E /* pastportTests */ = {
			isa = PBXFileSystemSynchronizedRootGroup;
			path = pastportTests;
			sourceTree = "<group>";
		};
		9ED772DC2D51967200D2625E /* pastportUITests */ = {
			isa = PBXFileSystemSynchronizedRootGroup;
			path = pastportUITests;
			sourceTree = "<group>";
		};
/* End PBXFileSystemSynchronizedRootGroup section */

/* Begin PBXFrameworksBuildPhase section */
		9ED772BC2D51967100D2625E /* Frameworks */ = {
			isa = PBXFrameworksBuildPhase;
			buildActionMask = 2147483647;
			files = (
				9E8923F32D56BD7500381F79 /* Lottie in Frameworks */,
				9ED772F62D52759E00D2625E /* FirebaseAuth in Frameworks */,
				9E892A2D2D60E44E00381F79 /* Cloudinary in Frameworks */,
				9ED772F82D52759E00D2625E /* FirebaseFirestore in Frameworks */,
				9ED772FC2D5275DE00D2625E /* FirebaseAnalytics in Frameworks */,
				9E8929D22D5F6B9D00381F79 /* FirebaseCore in Frameworks */,
				9E8929D42D5F6B9D00381F79 /* FirebaseDatabase in Frameworks */,
				9ED772FA2D52759E00D2625E /* FirebaseStorage in Frameworks */,
				9E8929DA2D5F6BBB00381F79 /* FirebaseAnalyticsWithoutAdIdSupport in Frameworks */,
				9E8929D82D5F6BBB00381F79 /* FirebaseAnalyticsOnDeviceConversion in Frameworks */,
			);
			runOnlyForDeploymentPostprocessing = 0;
		};
		9ED772CC2D51967200D2625E /* Frameworks */ = {
			isa = PBXFrameworksBuildPhase;
			buildActionMask = 2147483647;
			files = (
				9E8929D62D5F6B9D00381F79 /* FirebaseVertexAI in Frameworks */,
			);
			runOnlyForDeploymentPostprocessing = 0;
		};
		9ED772D62D51967200D2625E /* Frameworks */ = {
			isa = PBXFrameworksBuildPhase;
			buildActionMask = 2147483647;
			files = (
			);
			runOnlyForDeploymentPostprocessing = 0;
		};
/* End PBXFrameworksBuildPhase section */

/* Begin PBXGroup section */
		9ED772B62D51967100D2625E = {
			isa = PBXGroup;
			children = (
				9ED772C12D51967100D2625E /* pastport */,
				9ED772D22D51967200D2625E /* pastportTests */,
				9ED772DC2D51967200D2625E /* pastportUITests */,
				9ED772C02D51967100D2625E /* Products */,
			);
			sourceTree = "<group>";
		};
		9ED772C02D51967100D2625E /* Products */ = {
			isa = PBXGroup;
			children = (
				9ED772BF2D51967100D2625E /* pastport.app */,
				9ED772CF2D51967200D2625E /* pastportTests.xctest */,
				9ED772D92D51967200D2625E /* pastportUITests.xctest */,
			);
			name = Products;
			sourceTree = "<group>";
		};
/* End PBXGroup section */

/* Begin PBXNativeTarget section */
		9ED772BE2D51967100D2625E /* pastport */ = {
			isa = PBXNativeTarget;
			buildConfigurationList = 9ED772E32D51967200D2625E /* Build configuration list for PBXNativeTarget "pastport" */;
			buildPhases = (
				9ED772BB2D51967100D2625E /* Sources */,
				9ED772BC2D51967100D2625E /* Frameworks */,
				9ED772BD2D51967100D2625E /* Resources */,
			);
			buildRules = (
			);
			dependencies = (
			);
			fileSystemSynchronizedGroups = (
				9ED772C12D51967100D2625E /* pastport */,
			);
			name = pastport;
			packageProductDependencies = (
				9ED772F52D52759E00D2625E /* FirebaseAuth */,
				9ED772F72D52759E00D2625E /* FirebaseFirestore */,
				9ED772F92D52759E00D2625E /* FirebaseStorage */,
				9ED772FB2D5275DE00D2625E /* FirebaseAnalytics */,
				9E8923F22D56BD7500381F79 /* Lottie */,
				9E8929D12D5F6B9D00381F79 /* FirebaseCore */,
				9E8929D32D5F6B9D00381F79 /* FirebaseDatabase */,
				9E8929D72D5F6BBB00381F79 /* FirebaseAnalyticsOnDeviceConversion */,
				9E8929D92D5F6BBB00381F79 /* FirebaseAnalyticsWithoutAdIdSupport */,
				9E892A2C2D60E44E00381F79 /* Cloudinary */,
			);
			productName = pastport;
			productReference = 9ED772BF2D51967100D2625E /* pastport.app */;
			productType = "com.apple.product-type.application";
		};
		9ED772CE2D51967200D2625E /* pastportTests */ = {
			isa = PBXNativeTarget;
			buildConfigurationList = 9ED772E62D51967200D2625E /* Build configuration list for PBXNativeTarget "pastportTests" */;
			buildPhases = (
				9ED772CB2D51967200D2625E /* Sources */,
				9ED772CC2D51967200D2625E /* Frameworks */,
				9ED772CD2D51967200D2625E /* Resources */,
			);
			buildRules = (
			);
			dependencies = (
				9ED772D12D51967200D2625E /* PBXTargetDependency */,
			);
			fileSystemSynchronizedGroups = (
				9ED772D22D51967200D2625E /* pastportTests */,
			);
			name = pastportTests;
			packageProductDependencies = (
				9E8929D52D5F6B9D00381F79 /* FirebaseVertexAI */,
			);
			productName = pastportTests;
			productReference = 9ED772CF2D51967200D2625E /* pastportTests.xctest */;
			productType = "com.apple.product-type.bundle.unit-test";
		};
		9ED772D82D51967200D2625E /* pastportUITests */ = {
			isa = PBXNativeTarget;
			buildConfigurationList = 9ED772E92D51967200D2625E /* Build configuration list for PBXNativeTarget "pastportUITests" */;
			buildPhases = (
				9ED772D52D51967200D2625E /* Sources */,
				9ED772D62D51967200D2625E /* Frameworks */,
				9ED772D72D51967200D2625E /* Resources */,
			);
			buildRules = (
			);
			dependencies = (
				9ED772DB2D51967200D2625E /* PBXTargetDependency */,
			);
			fileSystemSynchronizedGroups = (
				9ED772DC2D51967200D2625E /* pastportUITests */,
			);
			name = pastportUITests;
			packageProductDependencies = (
			);
			productName = pastportUITests;
			productReference = 9ED772D92D51967200D2625E /* pastportUITests.xctest */;
			productType = "com.apple.product-type.bundle.ui-testing";
		};
/* End PBXNativeTarget section */

/* Begin PBXProject section */
		9ED772B72D51967100D2625E /* Project object */ = {
			isa = PBXProject;
			attributes = {
				BuildIndependentTargetsInParallel = 1;
				LastSwiftUpdateCheck = 1620;
				LastUpgradeCheck = 1620;
				TargetAttributes = {
					9ED772BE2D51967100D2625E = {
						CreatedOnToolsVersion = 16.2;
					};
					9ED772CE2D51967200D2625E = {
						CreatedOnToolsVersion = 16.2;
						TestTargetID = 9ED772BE2D51967100D2625E;
					};
					9ED772D82D51967200D2625E = {
						CreatedOnToolsVersion = 16.2;
						TestTargetID = 9ED772BE2D51967100D2625E;
					};
				};
			};
			buildConfigurationList = 9ED772BA2D51967100D2625E /* Build configuration list for PBXProject "pastport" */;
			developmentRegion = en;
			hasScannedForEncodings = 0;
			knownRegions = (
				en,
				Base,
			);
			mainGroup = 9ED772B62D51967100D2625E;
			minimizedProjectReferenceProxies = 1;
			packageReferences = (
				9ED772F42D52759E00D2625E /* XCRemoteSwiftPackageReference "firebase-ios-sdk" */,
				9E8923F12D56BD7500381F79 /* XCRemoteSwiftPackageReference "lottie-spm" */,
				9E892A2B2D60E44E00381F79 /* XCRemoteSwiftPackageReference "cloudinary_ios" */,
			);
			preferredProjectObjectVersion = 77;
			productRefGroup = 9ED772C02D51967100D2625E /* Products */;
			projectDirPath = "";
			projectRoot = "";
			targets = (
				9ED772BE2D51967100D2625E /* pastport */,
				9ED772CE2D51967200D2625E /* pastportTests */,
				9ED772D82D51967200D2625E /* pastportUITests */,
			);
		};
/* End PBXProject section */

/* Begin PBXResourcesBuildPhase section */
		9ED772BD2D51967100D2625E /* Resources */ = {
			isa = PBXResourcesBuildPhase;
			buildActionMask = 2147483647;
			files = (
			);
			runOnlyForDeploymentPostprocessing = 0;
		};
		9ED772CD2D51967200D2625E /* Resources */ = {
			isa = PBXResourcesBuildPhase;
			buildActionMask = 2147483647;
			files = (
			);
			runOnlyForDeploymentPostprocessing = 0;
		};
		9ED772D72D51967200D2625E /* Resources */ = {
			isa = PBXResourcesBuildPhase;
			buildActionMask = 2147483647;
			files = (
			);
			runOnlyForDeploymentPostprocessing = 0;
		};
/* End PBXResourcesBuildPhase section */

/* Begin PBXSourcesBuildPhase section */
		9ED772BB2D51967100D2625E /* Sources */ = {
			isa = PBXSourcesBuildPhase;
			buildActionMask = 2147483647;
			files = (
			);
			runOnlyForDeploymentPostprocessing = 0;
		};
		9ED772CB2D51967200D2625E /* Sources */ = {
			isa = PBXSourcesBuildPhase;
			buildActionMask = 2147483647;
			files = (
			);
			runOnlyForDeploymentPostprocessing = 0;
		};
		9ED772D52D51967200D2625E /* Sources */ = {
			isa = PBXSourcesBuildPhase;
			buildActionMask = 2147483647;
			files = (
			);
			runOnlyForDeploymentPostprocessing = 0;
		};
/* End PBXSourcesBuildPhase section */

/* Begin PBXTargetDependency section */
		9ED772D12D51967200D2625E /* PBXTargetDependency */ = {
			isa = PBXTargetDependency;
			target = 9ED772BE2D51967100D2625E /* pastport */;
			targetProxy = 9ED772D02D51967200D2625E /* PBXContainerItemProxy */;
		};
		9ED772DB2D51967200D2625E /* PBXTargetDependency */ = {
			isa = PBXTargetDependency;
			target = 9ED772BE2D51967100D2625E /* pastport */;
			targetProxy = 9ED772DA2D51967200D2625E /* PBXContainerItemProxy */;
		};
/* End PBXTargetDependency section */

/* Begin XCBuildConfiguration section */
		9ED772E12D51967200D2625E /* Debug */ = {
			isa = XCBuildConfiguration;
			buildSettings = {
				ALWAYS_SEARCH_USER_PATHS = NO;
				ASSETCATALOG_COMPILER_GENERATE_SWIFT_ASSET_SYMBOL_EXTENSIONS = YES;
				CLANG_ANALYZER_NONNULL = YES;
				CLANG_ANALYZER_NUMBER_OBJECT_CONVERSION = YES_AGGRESSIVE;
				CLANG_CXX_LANGUAGE_STANDARD = "gnu++20";
				CLANG_ENABLE_MODULES = YES;
				CLANG_ENABLE_OBJC_ARC = YES;
				CLANG_ENABLE_OBJC_WEAK = YES;
				CLANG_WARN_BLOCK_CAPTURE_AUTORELEASING = YES;
				CLANG_WARN_BOOL_CONVERSION = YES;
				CLANG_WARN_COMMA = YES;
				CLANG_WARN_CONSTANT_CONVERSION = YES;
				CLANG_WARN_DEPRECATED_OBJC_IMPLEMENTATIONS = YES;
				CLANG_WARN_DIRECT_OBJC_ISA_USAGE = YES_ERROR;
				CLANG_WARN_DOCUMENTATION_COMMENTS = YES;
				CLANG_WARN_EMPTY_BODY = YES;
				CLANG_WARN_ENUM_CONVERSION = YES;
				CLANG_WARN_INFINITE_RECURSION = YES;
				CLANG_WARN_INT_CONVERSION = YES;
				CLANG_WARN_NON_LITERAL_NULL_CONVERSION = YES;
				CLANG_WARN_OBJC_IMPLICIT_RETAIN_SELF = YES;
				CLANG_WARN_OBJC_LITERAL_CONVERSION = YES;
				CLANG_WARN_OBJC_ROOT_CLASS = YES_ERROR;
				CLANG_WARN_QUOTED_INCLUDE_IN_FRAMEWORK_HEADER = YES;
				CLANG_WARN_RANGE_LOOP_ANALYSIS = YES;
				CLANG_WARN_STRICT_PROTOTYPES = YES;
				CLANG_WARN_SUSPICIOUS_MOVE = YES;
				CLANG_WARN_UNGUARDED_AVAILABILITY = YES_AGGRESSIVE;
				CLANG_WARN_UNREACHABLE_CODE = YES;
				CLANG_WARN__DUPLICATE_METHOD_MATCH = YES;
				COPY_PHASE_STRIP = NO;
				DEBUG_INFORMATION_FORMAT = dwarf;
				ENABLE_STRICT_OBJC_MSGSEND = YES;
				ENABLE_TESTABILITY = YES;
				ENABLE_USER_SCRIPT_SANDBOXING = YES;
				GCC_C_LANGUAGE_STANDARD = gnu17;
				GCC_DYNAMIC_NO_PIC = NO;
				GCC_NO_COMMON_BLOCKS = YES;
				GCC_OPTIMIZATION_LEVEL = 0;
				GCC_PREPROCESSOR_DEFINITIONS = (
					"DEBUG=1",
					"$(inherited)",
				);
				GCC_WARN_64_TO_32_BIT_CONVERSION = YES;
				GCC_WARN_ABOUT_RETURN_TYPE = YES_ERROR;
				GCC_WARN_UNDECLARED_SELECTOR = YES;
				GCC_WARN_UNINITIALIZED_AUTOS = YES_AGGRESSIVE;
				GCC_WARN_UNUSED_FUNCTION = YES;
				GCC_WARN_UNUSED_VARIABLE = YES;
				IPHONEOS_DEPLOYMENT_TARGET = 18.2;
				LOCALIZATION_PREFERS_STRING_CATALOGS = YES;
				MTL_ENABLE_DEBUG_INFO = INCLUDE_SOURCE;
				MTL_FAST_MATH = YES;
				ONLY_ACTIVE_ARCH = YES;
				SDKROOT = iphoneos;
				SWIFT_ACTIVE_COMPILATION_CONDITIONS = "DEBUG $(inherited)";
				SWIFT_OPTIMIZATION_LEVEL = "-Onone";
			};
			name = Debug;
		};
		9ED772E22D51967200D2625E /* Release */ = {
			isa = XCBuildConfiguration;
			buildSettings = {
				ALWAYS_SEARCH_USER_PATHS = NO;
				ASSETCATALOG_COMPILER_GENERATE_SWIFT_ASSET_SYMBOL_EXTENSIONS = YES;
				CLANG_ANALYZER_NONNULL = YES;
				CLANG_ANALYZER_NUMBER_OBJECT_CONVERSION = YES_AGGRESSIVE;
				CLANG_CXX_LANGUAGE_STANDARD = "gnu++20";
				CLANG_ENABLE_MODULES = YES;
				CLANG_ENABLE_OBJC_ARC = YES;
				CLANG_ENABLE_OBJC_WEAK = YES;
				CLANG_WARN_BLOCK_CAPTURE_AUTORELEASING = YES;
				CLANG_WARN_BOOL_CONVERSION = YES;
				CLANG_WARN_COMMA = YES;
				CLANG_WARN_CONSTANT_CONVERSION = YES;
				CLANG_WARN_DEPRECATED_OBJC_IMPLEMENTATIONS = YES;
				CLANG_WARN_DIRECT_OBJC_ISA_USAGE = YES_ERROR;
				CLANG_WARN_DOCUMENTATION_COMMENTS = YES;
				CLANG_WARN_EMPTY_BODY = YES;
				CLANG_WARN_ENUM_CONVERSION = YES;
				CLANG_WARN_INFINITE_RECURSION = YES;
				CLANG_WARN_INT_CONVERSION = YES;
				CLANG_WARN_NON_LITERAL_NULL_CONVERSION = YES;
				CLANG_WARN_OBJC_IMPLICIT_RETAIN_SELF = YES;
				CLANG_WARN_OBJC_LITERAL_CONVERSION = YES;
				CLANG_WARN_OBJC_ROOT_CLASS = YES_ERROR;
				CLANG_WARN_QUOTED_INCLUDE_IN_FRAMEWORK_HEADER = YES;
				CLANG_WARN_RANGE_LOOP_ANALYSIS = YES;
				CLANG_WARN_STRICT_PROTOTYPES = YES;
				CLANG_WARN_SUSPICIOUS_MOVE = YES;
				CLANG_WARN_UNGUARDED_AVAILABILITY = YES_AGGRESSIVE;
				CLANG_WARN_UNREACHABLE_CODE = YES;
				CLANG_WARN__DUPLICATE_METHOD_MATCH = YES;
				COPY_PHASE_STRIP = NO;
				DEBUG_INFORMATION_FORMAT = "dwarf-with-dsym";
				ENABLE_NS_ASSERTIONS = NO;
				ENABLE_STRICT_OBJC_MSGSEND = YES;
				ENABLE_USER_SCRIPT_SANDBOXING = YES;
				GCC_C_LANGUAGE_STANDARD = gnu17;
				GCC_NO_COMMON_BLOCKS = YES;
				GCC_WARN_64_TO_32_BIT_CONVERSION = YES;
				GCC_WARN_ABOUT_RETURN_TYPE = YES_ERROR;
				GCC_WARN_UNDECLARED_SELECTOR = YES;
				GCC_WARN_UNINITIALIZED_AUTOS = YES_AGGRESSIVE;
				GCC_WARN_UNUSED_FUNCTION = YES;
				GCC_WARN_UNUSED_VARIABLE = YES;
				IPHONEOS_DEPLOYMENT_TARGET = 18.2;
				LOCALIZATION_PREFERS_STRING_CATALOGS = YES;
				MTL_ENABLE_DEBUG_INFO = NO;
				MTL_FAST_MATH = YES;
				SDKROOT = iphoneos;
				SWIFT_COMPILATION_MODE = wholemodule;
				VALIDATE_PRODUCT = YES;
			};
			name = Release;
		};
		9ED772E42D51967200D2625E /* Debug */ = {
			isa = XCBuildConfiguration;
			buildSettings = {
				ASSETCATALOG_COMPILER_APPICON_NAME = AppIcon;
				ASSETCATALOG_COMPILER_GLOBAL_ACCENT_COLOR_NAME = AccentColor;
				CODE_SIGN_STYLE = Automatic;
				CURRENT_PROJECT_VERSION = 1;
				DEVELOPMENT_ASSET_PATHS = "\"pastport/Preview Content\"";
				DEVELOPMENT_TEAM = 2HSRMSDB33;
				ENABLE_PREVIEWS = YES;
				GENERATE_INFOPLIST_FILE = YES;
				INFOPLIST_FILE = pastport/Info.plist;
				INFOPLIST_KEY_UIApplicationSceneManifest_Generation = YES;
				INFOPLIST_KEY_UIApplicationSupportsIndirectInputEvents = YES;
				INFOPLIST_KEY_UILaunchScreen_Generation = YES;
				INFOPLIST_KEY_UISupportedInterfaceOrientations_iPad = "UIInterfaceOrientationPortrait UIInterfaceOrientationPortraitUpsideDown UIInterfaceOrientationLandscapeLeft UIInterfaceOrientationLandscapeRight";
				INFOPLIST_KEY_UISupportedInterfaceOrientations_iPhone = "UIInterfaceOrientationPortrait UIInterfaceOrientationLandscapeLeft UIInterfaceOrientationLandscapeRight";
				LD_RUNPATH_SEARCH_PATHS = (
					"$(inherited)",
					"@executable_path/Frameworks",
				);
				MARKETING_VERSION = 1.0;
				PRODUCT_BUNDLE_IDENTIFIER = sua.pastport;
				PRODUCT_NAME = "$(TARGET_NAME)";
				SWIFT_EMIT_LOC_STRINGS = YES;
				SWIFT_VERSION = 5.0;
				TARGETED_DEVICE_FAMILY = "1,2";
			};
			name = Debug;
		};
		9ED772E52D51967200D2625E /* Release */ = {
			isa = XCBuildConfiguration;
			buildSettings = {
				ASSETCATALOG_COMPILER_APPICON_NAME = AppIcon;
				ASSETCATALOG_COMPILER_GLOBAL_ACCENT_COLOR_NAME = AccentColor;
				CODE_SIGN_STYLE = Automatic;
				CURRENT_PROJECT_VERSION = 1;
				DEVELOPMENT_ASSET_PATHS = "\"pastport/Preview Content\"";
				DEVELOPMENT_TEAM = 2HSRMSDB33;
				ENABLE_PREVIEWS = YES;
				GENERATE_INFOPLIST_FILE = YES;
				INFOPLIST_FILE = pastport/Info.plist;
				INFOPLIST_KEY_UIApplicationSceneManifest_Generation = YES;
				INFOPLIST_KEY_UIApplicationSupportsIndirectInputEvents = YES;
				INFOPLIST_KEY_UILaunchScreen_Generation = YES;
				INFOPLIST_KEY_UISupportedInterfaceOrientations_iPad = "UIInterfaceOrientationPortrait UIInterfaceOrientationPortraitUpsideDown UIInterfaceOrientationLandscapeLeft UIInterfaceOrientationLandscapeRight";
				INFOPLIST_KEY_UISupportedInterfaceOrientations_iPhone = "UIInterfaceOrientationPortrait UIInterfaceOrientationLandscapeLeft UIInterfaceOrientationLandscapeRight";
				LD_RUNPATH_SEARCH_PATHS = (
					"$(inherited)",
					"@executable_path/Frameworks",
				);
				MARKETING_VERSION = 1.0;
				PRODUCT_BUNDLE_IDENTIFIER = sua.pastport;
				PRODUCT_NAME = "$(TARGET_NAME)";
				SWIFT_EMIT_LOC_STRINGS = YES;
				SWIFT_VERSION = 5.0;
				TARGETED_DEVICE_FAMILY = "1,2";
			};
			name = Release;
		};
		9ED772E72D51967200D2625E /* Debug */ = {
			isa = XCBuildConfiguration;
			buildSettings = {
				BUNDLE_LOADER = "$(TEST_HOST)";
				CODE_SIGN_STYLE = Automatic;
				CURRENT_PROJECT_VERSION = 1;
				GENERATE_INFOPLIST_FILE = YES;
				IPHONEOS_DEPLOYMENT_TARGET = 18.2;
				MARKETING_VERSION = 1.0;
				PRODUCT_BUNDLE_IDENTIFIER = sua.pastportTests;
				PRODUCT_NAME = "$(TARGET_NAME)";
				SWIFT_EMIT_LOC_STRINGS = NO;
				SWIFT_VERSION = 5.0;
				TARGETED_DEVICE_FAMILY = "1,2";
				TEST_HOST = "$(BUILT_PRODUCTS_DIR)/pastport.app/$(BUNDLE_EXECUTABLE_FOLDER_PATH)/pastport";
			};
			name = Debug;
		};
		9ED772E82D51967200D2625E /* Release */ = {
			isa = XCBuildConfiguration;
			buildSettings = {
				BUNDLE_LOADER = "$(TEST_HOST)";
				CODE_SIGN_STYLE = Automatic;
				CURRENT_PROJECT_VERSION = 1;
				GENERATE_INFOPLIST_FILE = YES;
				IPHONEOS_DEPLOYMENT_TARGET = 18.2;
				MARKETING_VERSION = 1.0;
				PRODUCT_BUNDLE_IDENTIFIER = sua.pastportTests;
				PRODUCT_NAME = "$(TARGET_NAME)";
				SWIFT_EMIT_LOC_STRINGS = NO;
				SWIFT_VERSION = 5.0;
				TARGETED_DEVICE_FAMILY = "1,2";
				TEST_HOST = "$(BUILT_PRODUCTS_DIR)/pastport.app/$(BUNDLE_EXECUTABLE_FOLDER_PATH)/pastport";
			};
			name = Release;
		};
		9ED772EA2D51967200D2625E /* Debug */ = {
			isa = XCBuildConfiguration;
			buildSettings = {
				CODE_SIGN_STYLE = Automatic;
				CURRENT_PROJECT_VERSION = 1;
				GENERATE_INFOPLIST_FILE = YES;
				MARKETING_VERSION = 1.0;
				PRODUCT_BUNDLE_IDENTIFIER = sua.pastportUITests;
				PRODUCT_NAME = "$(TARGET_NAME)";
				SWIFT_EMIT_LOC_STRINGS = NO;
				SWIFT_VERSION = 5.0;
				TARGETED_DEVICE_FAMILY = "1,2";
				TEST_TARGET_NAME = pastport;
			};
			name = Debug;
		};
		9ED772EB2D51967200D2625E /* Release */ = {
			isa = XCBuildConfiguration;
			buildSettings = {
				CODE_SIGN_STYLE = Automatic;
				CURRENT_PROJECT_VERSION = 1;
				GENERATE_INFOPLIST_FILE = YES;
				MARKETING_VERSION = 1.0;
				PRODUCT_BUNDLE_IDENTIFIER = sua.pastportUITests;
				PRODUCT_NAME = "$(TARGET_NAME)";
				SWIFT_EMIT_LOC_STRINGS = NO;
				SWIFT_VERSION = 5.0;
				TARGETED_DEVICE_FAMILY = "1,2";
				TEST_TARGET_NAME = pastport;
			};
			name = Release;
		};
/* End XCBuildConfiguration section */

/* Begin XCConfigurationList section */
		9ED772BA2D51967100D2625E /* Build configuration list for PBXProject "pastport" */ = {
			isa = XCConfigurationList;
			buildConfigurations = (
				9ED772E12D51967200D2625E /* Debug */,
				9ED772E22D51967200D2625E /* Release */,
			);
			defaultConfigurationIsVisible = 0;
			defaultConfigurationName = Release;
		};
		9ED772E32D51967200D2625E /* Build configuration list for PBXNativeTarget "pastport" */ = {
			isa = XCConfigurationList;
			buildConfigurations = (
				9ED772E42D51967200D2625E /* Debug */,
				9ED772E52D51967200D2625E /* Release */,
			);
			defaultConfigurationIsVisible = 0;
			defaultConfigurationName = Release;
		};
		9ED772E62D51967200D2625E /* Build configuration list for PBXNativeTarget "pastportTests" */ = {
			isa = XCConfigurationList;
			buildConfigurations = (
				9ED772E72D51967200D2625E /* Debug */,
				9ED772E82D51967200D2625E /* Release */,
			);
			defaultConfigurationIsVisible = 0;
			defaultConfigurationName = Release;
		};
		9ED772E92D51967200D2625E /* Build configuration list for PBXNativeTarget "pastportUITests" */ = {
			isa = XCConfigurationList;
			buildConfigurations = (
				9ED772EA2D51967200D2625E /* Debug */,
				9ED772EB2D51967200D2625E /* Release */,
			);
			defaultConfigurationIsVisible = 0;
			defaultConfigurationName = Release;
		};
/* End XCConfigurationList section */

/* Begin XCRemoteSwiftPackageReference section */
		9E8923F12D56BD7500381F79 /* XCRemoteSwiftPackageReference "lottie-spm" */ = {
			isa = XCRemoteSwiftPackageReference;
			repositoryURL = "https://github.com/airbnb/lottie-spm";
			requirement = {
				kind = upToNextMajorVersion;
				minimumVersion = 4.5.1;
			};
		};
		9E892A2B2D60E44E00381F79 /* XCRemoteSwiftPackageReference "cloudinary_ios" */ = {
			isa = XCRemoteSwiftPackageReference;
			repositoryURL = "https://github.com/cloudinary/cloudinary_ios.git";
			requirement = {
				kind = upToNextMajorVersion;
				minimumVersion = 5.1.0;
			};
		};
		9ED772F42D52759E00D2625E /* XCRemoteSwiftPackageReference "firebase-ios-sdk" */ = {
			isa = XCRemoteSwiftPackageReference;
			repositoryURL = "https://github.com/firebase/firebase-ios-sdk";
			requirement = {
				kind = upToNextMajorVersion;
				minimumVersion = 11.8.0;
			};
		};
/* End XCRemoteSwiftPackageReference section */

/* Begin XCSwiftPackageProductDependency section */
		9E8923F22D56BD7500381F79 /* Lottie */ = {
			isa = XCSwiftPackageProductDependency;
			package = 9E8923F12D56BD7500381F79 /* XCRemoteSwiftPackageReference "lottie-spm" */;
			productName = Lottie;
		};
		9E8929D12D5F6B9D00381F79 /* FirebaseCore */ = {
			isa = XCSwiftPackageProductDependency;
			package = 9ED772F42D52759E00D2625E /* XCRemoteSwiftPackageReference "firebase-ios-sdk" */;
			productName = FirebaseCore;
		};
		9E8929D32D5F6B9D00381F79 /* FirebaseDatabase */ = {
			isa = XCSwiftPackageProductDependency;
			package = 9ED772F42D52759E00D2625E /* XCRemoteSwiftPackageReference "firebase-ios-sdk" */;
			productName = FirebaseDatabase;
		};
		9E8929D52D5F6B9D00381F79 /* FirebaseVertexAI */ = {
			isa = XCSwiftPackageProductDependency;
			package = 9ED772F42D52759E00D2625E /* XCRemoteSwiftPackageReference "firebase-ios-sdk" */;
			productName = FirebaseVertexAI;
		};
		9E8929D72D5F6BBB00381F79 /* FirebaseAnalyticsOnDeviceConversion */ = {
			isa = XCSwiftPackageProductDependency;
			productName = FirebaseAnalyticsOnDeviceConversion;
		};
		9E8929D92D5F6BBB00381F79 /* FirebaseAnalyticsWithoutAdIdSupport */ = {
			isa = XCSwiftPackageProductDependency;
			productName = FirebaseAnalyticsWithoutAdIdSupport;
		};
		9E892A2C2D60E44E00381F79 /* Cloudinary */ = {
			isa = XCSwiftPackageProductDependency;
			package = 9E892A2B2D60E44E00381F79 /* XCRemoteSwiftPackageReference "cloudinary_ios" */;
			productName = Cloudinary;
		};
		9ED772F52D52759E00D2625E /* FirebaseAuth */ = {
			isa = XCSwiftPackageProductDependency;
			package = 9ED772F42D52759E00D2625E /* XCRemoteSwiftPackageReference "firebase-ios-sdk" */;
			productName = FirebaseAuth;
		};
		9ED772F72D52759E00D2625E /* FirebaseFirestore */ = {
			isa = XCSwiftPackageProductDependency;
			package = 9ED772F42D52759E00D2625E /* XCRemoteSwiftPackageReference "firebase-ios-sdk" */;
			productName = FirebaseFirestore;
		};
		9ED772F92D52759E00D2625E /* FirebaseStorage */ = {
			isa = XCSwiftPackageProductDependency;
			package = 9ED772F42D52759E00D2625E /* XCRemoteSwiftPackageReference "firebase-ios-sdk" */;
			productName = FirebaseStorage;
		};
		9ED772FB2D5275DE00D2625E /* FirebaseAnalytics */ = {
			isa = XCSwiftPackageProductDependency;
			package = 9ED772F42D52759E00D2625E /* XCRemoteSwiftPackageReference "firebase-ios-sdk" */;
			productName = FirebaseAnalytics;
		};
/* End XCSwiftPackageProductDependency section */
	};
	rootObject = 9ED772B72D51967100D2625E /* Project object */;
}
